
Microsoft Visual Studio Solution File, Format Version 12.00
# Visual Studio Version 16
VisualStudioVersion = 16.0.31613.86
MinimumVisualStudioVersion = 10.0.40219.1
Project("{9A19103F-16F7-4668-BE54-9A1E7A4F7556}") = "Zoobook.Api", "Zoobook.Api\Zoobook.Api.csproj", "{5F3B293B-6C29-4C37-A12F-3F134C300824}"
EndProject
Project("{9A19103F-16F7-4668-BE54-9A1E7A4F7556}") = "Zoobook.Core", "Zoobook.Core\Zoobook.Core.csproj", "{3C103D06-2B7F-4260-8157-9FBD4B92D3DB}"
EndProject
Project("{FAE04EC0-301F-11D3-BF4B-00C04F79EFBC}") = "Zoobook.Data", "Zoobook.Data\Zoobook.Data.csproj", "{463CA2C1-E9C9-4615-880C-7E4B3562E2B3}"
EndProject
Global
	GlobalSection(SolutionConfigurationPlatforms) = preSolution
		Debug|Any CPU = Debug|Any CPU
		Release|Any CPU = Release|Any CPU
	EndGlobalSection
	GlobalSection(ProjectConfigurationPlatforms) = postSolution
		{5F3B293B-6C29-4C37-A12F-3F134C300824}.Debug|Any CPU.ActiveCfg = Debug|Any CPU
		{5F3B293B-6C29-4C37-A12F-3F134C300824}.Debug|Any CPU.Build.0 = Debug|Any CPU
		{5F3B293B-6C29-4C37-A12F-3F134C300824}.Release|Any CPU.ActiveCfg = Release|Any CPU
		{5F3B293B-6C29-4C37-A12F-3F134C300824}.Release|Any CPU.Build.0 = Release|Any CPU
		{3C103D06-2B7F-4260-8157-9FBD4B92D3DB}.Debug|Any CPU.ActiveCfg = Debug|Any CPU
		{3C103D06-2B7F-4260-8157-9FBD4B92D3DB}.Debug|Any CPU.Build.0 = Debug|Any CPU
		{3C103D06-2B7F-4260-8157-9FBD4B92D3DB}.Release|Any CPU.ActiveCfg = Release|Any CPU
		{3C103D06-2B7F-4260-8157-9FBD4B92D3DB}.Release|Any CPU.Build.0 = Release|Any CPU
		{463CA2C1-E9C9-4615-880C-7E4B3562E2B3}.Debug|Any CPU.ActiveCfg = Debug|Any CPU
		{463CA2C1-E9C9-4615-880C-7E4B3562E2B3}.Debug|Any CPU.Build.0 = Debug|Any CPU
		{463CA2C1-E9C9-4615-880C-7E4B3562E2B3}.Release|Any CPU.ActiveCfg = Release|Any CPU
		{463CA2C1-E9C9-4615-880C-7E4B3562E2B3}.Release|Any CPU.Build.0 = Release|Any CPU
	EndGlobalSection
	GlobalSection(SolutionProperties) = preSolution
		HideSolutionNode = FALSE
	EndGlobalSection
	GlobalSection(ExtensibilityGlobals) = postSolution
		SolutionGuid = {E9EA97ED-0C3A-4E86-81F2-0256FF3E00C5}
	EndGlobalSection
EndGlobal
